<?xml version="1.0" encoding="utf-8"?>
<Project ToolsVersion="4.0" xmlns="http://schemas.microsoft.com/developer/msbuild/2003">
  <ItemGroup>
    <Filter Include="source">
      <UniqueIdentifier>{994105ec-8342-4142-a8da-c3811541ae05}</UniqueIdentifier>
      <Extensions>cpp;c;cxx;def;odl;idl;hpj;bat;asm</Extensions>
    </Filter>
    <Filter Include="include">
      <UniqueIdentifier>{50ad6d2a-0157-44ba-91ef-2a188e292969}</UniqueIdentifier>
      <Extensions>h;hpp;hxx;hm;inl;inc</Extensions>
    </Filter>
    <Filter Include="resource">
      <UniqueIdentifier>{da4e1e89-08a3-48cf-b59e-a0ee08329d2c}</UniqueIdentifier>
      <Extensions>rc;ico;cur;bmp;dlg;rc2;rct;bin;rgs;jpg;jpeg;jpe;png;manifest</Extensions>
    </Filter>
    <Filter Include="Panel">
      <UniqueIdentifier>{d0f0ec2f-6287-46e0-af69-e45e81a8f733}</UniqueIdentifier>
    </Filter>
    <Filter Include="Enemy">
      <UniqueIdentifier>{a02d79a4-e051-406f-b46e-3d1a5635a403}</UniqueIdentifier>
    </Filter>
    <Filter Include="Tower">
      <UniqueIdentifier>{b992db47-d65b-454d-9ef4-a995cb7c6f54}</UniqueIdentifier>
    </Filter>
    <Filter Include="Scene">
      <UniqueIdentifier>{954ff3e3-f403-4dcd-b530-93147153749c}</UniqueIdentifier>
    </Filter>
  </ItemGroup>
  <ItemGroup>
    <None Include="res\IlyichOutpost.ico">
      <Filter>resource</Filter>
    </None>
    <None Include="..\Resources\CloseSelected.png">
      <Filter>resource</Filter>
    </None>
    <None Include="..\Resources\CloseNormal.png">
      <Filter>resource</Filter>
    </None>
    <None Include="..\Resources\MainMenu.png">
      <Filter>resource</Filter>
    </None>
    <None Include="..\Resources\wire.png">
      <Filter>resource</Filter>
    </None>
    <None Include="..\Resources\background.png">
      <Filter>resource</Filter>
    </None>
    <None Include="..\Resources\health_line.png">
      <Filter>resource</Filter>
    </None>
  </ItemGroup>
  <ItemGroup>
    <ResourceCompile Include="IlyichOutpost.rc">
      <Filter>resource</Filter>
    </ResourceCompile>
  </ItemGroup>
  <ItemGroup>
    <ClInclude Include="resource.h">
      <Filter>include</Filter>
    </ClInclude>
    <ClInclude Include="main.h">
      <Filter>include</Filter>
    </ClInclude>
    <ClInclude Include="..\Classes\AppDelegate.h">
      <Filter>include</Filter>
    </ClInclude>
    <ClInclude Include="PanelBase.h">
      <Filter>Panel</Filter>
    </ClInclude>
    <ClInclude Include="Enemy.h">
      <Filter>Enemy</Filter>
    </ClInclude>
    <ClInclude Include="Waypoint.h">
      <Filter>Enemy</Filter>
    </ClInclude>
    <ClInclude Include="Wave.h">
      <Filter>Enemy</Filter>
    </ClInclude>
    <ClInclude Include="PassingMap.h">
      <Filter>Enemy</Filter>
    </ClInclude>
    <ClInclude Include="TowerArray.h">
      <Filter>Tower</Filter>
    </ClInclude>
    <ClInclude Include="Tower.h">
      <Filter>Tower</Filter>
    </ClInclude>
    <ClInclude Include="..\Classes\MainMenuScene.h">
      <Filter>Scene</Filter>
    </ClInclude>
    <ClInclude Include="MainFieldScene.h">
      <Filter>Scene</Filter>
    </ClInclude>
    <ClInclude Include="PanelGeneral.h">
      <Filter>Panel</Filter>
    </ClInclude>
    <ClInclude Include="PanelTowers.h">
      <Filter>Panel</Filter>
    </ClInclude>
    <ClInclude Include="UpgradeBase.h">
      <Filter>Tower</Filter>
    </ClInclude>
    <ClInclude Include="MoneyManager.h">
      <Filter>Tower</Filter>
    </ClInclude>
  </ItemGroup>
  <ItemGroup>
    <ClCompile Include="main.cpp">
      <Filter>source</Filter>
    </ClCompile>
    <ClCompile Include="..\Classes\AppDelegate.cpp">
      <Filter>source</Filter>
    </ClCompile>
    <ClCompile Include="PanelBase.cpp">
      <Filter>Panel</Filter>
    </ClCompile>
    <ClCompile Include="Enemy.cpp">
      <Filter>Enemy</Filter>
    </ClCompile>
    <ClCompile Include="PassingMap.cpp">
      <Filter>Enemy</Filter>
    </ClCompile>
    <ClCompile Include="Wave.cpp">
      <Filter>Enemy</Filter>
    </ClCompile>
    <ClCompile Include="Waypoint.cpp">
      <Filter>Enemy</Filter>
    </ClCompile>
    <ClCompile Include="Tower.cpp">
      <Filter>Tower</Filter>
    </ClCompile>
    <ClCompile Include="TowerArray.cpp">
      <Filter>Tower</Filter>
    </ClCompile>
    <ClCompile Include="MainFieldScene.cpp">
      <Filter>Scene</Filter>
    </ClCompile>
    <ClCompile Include="..\Classes\MainMenuScene.cpp">
      <Filter>Scene</Filter>
    </ClCompile>
    <ClCompile Include="PanelGeneral.cpp">
      <Filter>Panel</Filter>
    </ClCompile>
    <ClCompile Include="PanelTowers.cpp">
      <Filter>Panel</Filter>
    </ClCompile>
    <ClCompile Include="UpgradeBase.cpp">
      <Filter>Tower</Filter>
    </ClCompile>
    <ClCompile Include="MoneyManager.cpp">
      <Filter>Tower</Filter>
    </ClCompile>
  </ItemGroup>
  <ItemGroup>
    <Library Include="libcocos2d.lib" />
    <Library Include="glew32.lib" />
    <Library Include="libCocosDenshion.lib" />
  </ItemGroup>
</Project>